
Microsoft Visual Studio Solution File, Format Version 12.00
Project("{FAE04EC0-301F-11D3-BF4B-00C04F79EFBC}") = "WebMvcPluginPlace", "WebMvcPluginPlace\WebMvcPluginPlace.csproj", "{1B4F251F-E03C-4374-9906-41C59E2E837A}"
EndProject
Global
	GlobalSection(SolutionConfigurationPlatforms) = preSolution
		Debug|Any CPU = Debug|Any CPU
		Release|Any CPU = Release|Any CPU
	EndGlobalSection
	GlobalSection(ProjectConfigurationPlatforms) = postSolution
		{1B4F251F-E03C-4374-9906-41C59E2E837A}.Debug|Any CPU.ActiveCfg = Debug|Any CPU
		{1B4F251F-E03C-4374-9906-41C59E2E837A}.Debug|Any CPU.Build.0 = Debug|Any CPU
		{1B4F251F-E03C-4374-9906-41C59E2E837A}.Release|Any CPU.ActiveCfg = Release|Any CPU
		{1B4F251F-E03C-4374-9906-41C59E2E837A}.Release|Any CPU.Build.0 = Release|Any CPU
	EndGlobalSection
EndGlobal
