
Microsoft Visual Studio Solution File, Format Version 12.00
# Visual Studio Version 16
VisualStudioVersion = 16.0.30804.86
MinimumVisualStudioVersion = 10.0.40219.1
Project("{FAE04EC0-301F-11D3-BF4B-00C04F79EFBC}") = "WebMvcPluginChat", "WebMvcPluginChat\WebMvcPluginChat.csproj", "{A97C7115-3552-4924-B7EA-6F8A5C1A6082}"
EndProject
Global
	GlobalSection(SolutionConfigurationPlatforms) = preSolution
		Debug|Any CPU = Debug|Any CPU
		Release|Any CPU = Release|Any CPU
	EndGlobalSection
	GlobalSection(ProjectConfigurationPlatforms) = postSolution
		{A97C7115-3552-4924-B7EA-6F8A5C1A6082}.Debug|Any CPU.ActiveCfg = Debug|Any CPU
		{A97C7115-3552-4924-B7EA-6F8A5C1A6082}.Debug|Any CPU.Build.0 = Debug|Any CPU
		{A97C7115-3552-4924-B7EA-6F8A5C1A6082}.Release|Any CPU.ActiveCfg = Release|Any CPU
		{A97C7115-3552-4924-B7EA-6F8A5C1A6082}.Release|Any CPU.Build.0 = Release|Any CPU
	EndGlobalSection
	GlobalSection(SolutionProperties) = preSolution
		HideSolutionNode = FALSE
	EndGlobalSection
	GlobalSection(ExtensibilityGlobals) = postSolution
		SolutionGuid = {2FB7E084-89B7-49DF-AFE2-F59CF0F54FC0}
	EndGlobalSection
EndGlobal
